
Microsoft Visual Studio Solution File, Format Version 12.00
# Visual Studio Version 16
VisualStudioVersion = 16.0.28803.202
MinimumVisualStudioVersion = 10.0.40219.1
Project("{FAE04EC0-301F-11D3-BF4B-00C04F79EFBC}") = "ConsoleWar", "ConsoleWar\ConsoleWar.csproj", "{ADC75F72-3066-4F33-A65B-361CB2168135}"
EndProject
Global
	GlobalSection(SolutionConfigurationPlatforms) = preSolution
		Debug|Any CPU = Debug|Any CPU
		Release|Any CPU = Release|Any CPU
	EndGlobalSection
	GlobalSection(ProjectConfigurationPlatforms) = postSolution
		{ADC75F72-3066-4F33-A65B-361CB2168135}.Debug|Any CPU.ActiveCfg = Debug|Any CPU
		{ADC75F72-3066-4F33-A65B-361CB2168135}.Debug|Any CPU.Build.0 = Debug|Any CPU
		{ADC75F72-3066-4F33-A65B-361CB2168135}.Release|Any CPU.ActiveCfg = Release|Any CPU
		{ADC75F72-3066-4F33-A65B-361CB2168135}.Release|Any CPU.Build.0 = Release|Any CPU
	EndGlobalSection
	GlobalSection(SolutionProperties) = preSolution
		HideSolutionNode = FALSE
	EndGlobalSection
	GlobalSection(ExtensibilityGlobals) = postSolution
		SolutionGuid = {362F4263-3AF6-4DE0-A084-52D8257BCDB3}
	EndGlobalSection
EndGlobal
